// !$*UTF8*$!
{
	archiveVersion = 1;
	classes = {
	};
	objectVersion = 46;
	objects = {

/* Begin PBXBuildFile section */
		FE1BC7F51E973C3D00794FC5 /* CategoryCell.swift in Sources */ = {isa = PBXBuildFile; fileRef = FE1BC7F41E973C3D00794FC5 /* CategoryCell.swift */; };
		FE9271D81E956B8400AC6C77 /* AppDelegate.swift in Sources */ = {isa = PBXBuildFile; fileRef = FE9271D71E956B8400AC6C77 /* AppDelegate.swift */; };
		FE9271DA1E956B8400AC6C77 /* ViewController.swift in Sources */ = {isa = PBXBuildFile; fileRef = FE9271D91E956B8400AC6C77 /* ViewController.swift */; };
		FE9271DD1E956B8400AC6C77 /* Main.storyboard in Resources */ = {isa = PBXBuildFile; fileRef = FE9271DB1E956B8400AC6C77 /* Main.storyboard */; };
		FE9271DF1E956B8400AC6C77 /* Assets.xcassets in Resources */ = {isa = PBXBuildFile; fileRef = FE9271DE1E956B8400AC6C77 /* Assets.xcassets */; };
		FE9271E21E956B8400AC6C77 /* LaunchScreen.storyboard in Resources */ = {isa = PBXBuildFile; fileRef = FE9271E01E956B8400AC6C77 /* LaunchScreen.storyboard */; };
		FEAB78C81E9922D900632292 /* Models.swift in Sources */ = {isa = PBXBuildFile; fileRef = FEAB78C71E9922D900632292 /* Models.swift */; };
/* End PBXBuildFile section */

/* Begin PBXFileReference section */
		FE1BC7F41E973C3D00794FC5 /* CategoryCell.swift */ = {isa = PBXFileReference; fileEncoding = 4; lastKnownFileType = sourcecode.swift; path = CategoryCell.swift; sourceTree = "<group>"; };
		FE9271D41E956B8400AC6C77 /* MediBuy.app */ = {isa = PBXFileReference; explicitFileType = wrapper.application; includeInIndex = 0; path = MediBuy.app; sourceTree = BUILT_PRODUCTS_DIR; };
		FE9271D71E956B8400AC6C77 /* AppDelegate.swift */ = {isa = PBXFileReference; lastKnownFileType = sourcecode.swift; path = AppDelegate.swift; sourceTree = "<group>"; };
		FE9271D91E956B8400AC6C77 /* ViewController.swift */ = {isa = PBXFileReference; lastKnownFileType = sourcecode.swift; path = ViewController.swift; sourceTree = "<group>"; };
		FE9271DC1E956B8400AC6C77 /* Base */ = {isa = PBXFileReference; lastKnownFileType = file.storyboard; name = Base; path = Base.lproj/Main.storyboard; sourceTree = "<group>"; };
		FE9271DE1E956B8400AC6C77 /* Assets.xcassets */ = {isa = PBXFileReference; lastKnownFileType = folder.assetcatalog; path = Assets.xcassets; sourceTree = "<group>"; };
		FE9271E11E956B8400AC6C77 /* Base */ = {isa = PBXFileReference; lastKnownFileType = file.storyboard; name = Base; path = Base.lproj/LaunchScreen.storyboard; sourceTree = "<group>"; };
		FE9271E31E956B8400AC6C77 /* Info.plist */ = {isa = PBXFileReference; lastKnownFileType = text.plist.xml; path = Info.plist; sourceTree = "<group>"; };
		FEAB78C71E9922D900632292 /* Models.swift */ = {isa = PBXFileReference; fileEncoding = 4; lastKnownFileType = sourcecode.swift; path = Models.swift; sourceTree = "<group>"; };
/* End PBXFileReference section */

/* Begin PBXFrameworksBuildPhase section */
		FE9271D11E956B8400AC6C77 /* Frameworks */ = {
			isa = PBXFrameworksBuildPhase;
			buildActionMask = 2147483647;
			files = (
			);
			runOnlyForDeploymentPostprocessing = 0;
		};
/* End PBXFrameworksBuildPhase section */

/* Begin PBXGroup section */
		FE9271CB1E956B8400AC6C77 = {
			isa = PBXGroup;
			children = (
				FE9271D61E956B8400AC6C77 /* MediBuy */,
				FE9271D51E956B8400AC6C77 /* Products */,
			);
			sourceTree = "<group>";
		};
		FE9271D51E956B8400AC6C77 /* Products */ = {
			isa = PBXGroup;
			children = (
				FE9271D41E956B8400AC6C77 /* MediBuy.app */,
			);
			name = Products;
			sourceTree = "<group>";
		};
		FE9271D61E956B8400AC6C77 /* MediBuy */ = {
			isa = PBXGroup;
			children = (
				FE9271D71E956B8400AC6C77 /* AppDelegate.swift */,
				FE9271D91E956B8400AC6C77 /* ViewController.swift */,
				FE1BC7F41E973C3D00794FC5 /* CategoryCell.swift */,
				FEAB78C71E9922D900632292 /* Models.swift */,
				FE9271DB1E956B8400AC6C77 /* Main.storyboard */,
				FE9271DE1E956B8400AC6C77 /* Assets.xcassets */,
				FE9271E01E956B8400AC6C77 /* LaunchScreen.storyboard */,
				FE9271E31E956B8400AC6C77 /* Info.plist */,
			);
			path = MediBuy;
			sourceTree = "<group>";
		};
/* End PBXGroup section */

/* Begin PBXNativeTarget section */
		FE9271D31E956B8400AC6C77 /* MediBuy */ = {
			isa = PBXNativeTarget;
			buildConfigurationList = FE9271E61E956B8400AC6C77 /* Build configuration list for PBXNativeTarget "MediBuy" */;
			buildPhases = (
				FE9271D01E956B8400AC6C77 /* Sources */,
				FE9271D11E956B8400AC6C77 /* Frameworks */,
				FE9271D21E956B8400AC6C77 /* Resources */,
			);
			buildRules = (
			);
			dependencies = (
			);
			name = MediBuy;
			productName = MediBuy;
			productReference = FE9271D41E956B8400AC6C77 /* MediBuy.app */;
			productType = "com.apple.product-type.application";
		};
/* End PBXNativeTarget section */

/* Begin PBXProject section */
		FE9271CC1E956B8400AC6C77 /* Project object */ = {
			isa = PBXProject;
			attributes = {
				LastSwiftUpdateCheck = 0830;
				LastUpgradeCheck = 0830;
				ORGANIZATIONNAME = "Slanted Lines";
				TargetAttributes = {
					FE9271D31E956B8400AC6C77 = {
						CreatedOnToolsVersion = 8.3;
						DevelopmentTeam = E4486G4RH6;
						ProvisioningStyle = Automatic;
					};
				};
			};
			buildConfigurationList = FE9271CF1E956B8400AC6C77 /* Build configuration list for PBXProject "MediBuy" */;
			compatibilityVersion = "Xcode 3.2";
			developmentRegion = English;
			hasScannedForEncodings = 0;
			knownRegions = (
				en,
				Base,
			);
			mainGroup = FE9271CB1E956B8400AC6C77;
			productRefGroup = FE9271D51E956B8400AC6C77 /* Products */;
			projectDirPath = "";
			projectRoot = "";
			targets = (
				FE9271D31E956B8400AC6C77 /* MediBuy */,
			);
		};
/* End PBXProject section */

/* Begin PBXResourcesBuildPhase section */
		FE9271D21E956B8400AC6C77 /* Resources */ = {
			isa = PBXResourcesBuildPhase;
			buildActionMask = 2147483647;
			files = (
				FE9271E21E956B8400AC6C77 /* LaunchScreen.storyboard in Resources */,
				FE9271DF1E956B8400AC6C77 /* Assets.xcassets in Resources */,
				FE9271DD1E956B8400AC6C77 /* Main.storyboard in Resources */,
			);
			runOnlyForDeploymentPostprocessing = 0;
		};
/* End PBXResourcesBuildPhase section */

/* Begin PBXSourcesBuildPhase section */
		FE9271D01E956B8400AC6C77 /* Sources */ = {
			isa = PBXSourcesBuildPhase;
			buildActionMask = 2147483647;
			files = (
				FE9271DA1E956B8400AC6C77 /* ViewController.swift in Sources */,
				FE9271D81E956B8400AC6C77 /* AppDelegate.swift in Sources */,
				FE1BC7F51E973C3D00794FC5 /* CategoryCell.swift in Sources */,
				FEAB78C81E9922D900632292 /* Models.swift in Sources */,
			);
			runOnlyForDeploymentPostprocessing = 0;
		};
/* End PBXSourcesBuildPhase section */

/* Begin PBXVariantGroup section */
		FE9271DB1E956B8400AC6C77 /* Main.storyboard */ = {
			isa = PBXVariantGroup;
			children = (
				FE9271DC1E956B8400AC6C77 /* Base */,
			);
			name = Main.storyboard;
			sourceTree = "<group>";
		};
		FE9271E01E956B8400AC6C77 /* LaunchScreen.storyboard */ = {
			isa = PBXVariantGroup;
			children = (
				FE9271E11E956B8400AC6C77 /* Base */,
			);
			name = LaunchScreen.storyboard;
			sourceTree = "<group>";
		};
/* End PBXVariantGroup section */

/* Begin XCBuildConfiguration section */
		FE9271E41E956B8400AC6C77 /* Debug */ = {
			isa = XCBuildConfiguration;
			buildSettings = {
				ALWAYS_SEARCH_USER_PATHS = NO;
				CLANG_ANALYZER_NONNULL = YES;
				CLANG_ANALYZER_NUMBER_OBJECT_CONVERSION = YES_AGGRESSIVE;
				CLANG_CXX_LANGUAGE_STANDARD = "gnu++0x";
				CLANG_CXX_LIBRARY = "libc++";
				CLANG_ENABLE_MODULES = YES;
				CLANG_ENABLE_OBJC_ARC = YES;
				CLANG_WARN_BOOL_CONVERSION = YES;
				CLANG_WARN_CONSTANT_CONVERSION = YES;
				CLANG_WARN_DIRECT_OBJC_ISA_USAGE = YES_ERROR;
				CLANG_WARN_DOCUMENTATION_COMMENTS = YES;
				CLANG_WARN_EMPTY_BODY = YES;
				CLANG_WARN_ENUM_CONVERSION = YES;
				CLANG_WARN_INFINITE_RECURSION = YES;
				CLANG_WARN_INT_CONVERSION = YES;
				CLANG_WARN_OBJC_ROOT_CLASS = YES_ERROR;
				CLANG_WARN_SUSPICIOUS_MOVE = YES;
				CLANG_WARN_UNREACHABLE_CODE = YES;
				CLANG_WARN__DUPLICATE_METHOD_MATCH = YES;
				"CODE_SIGN_IDENTITY[sdk=iphoneos*]" = "iPhone Developer";
				COPY_PHASE_STRIP = NO;
				DEBUG_INFORMATION_FORMAT = dwarf;
				ENABLE_STRICT_OBJC_MSGSEND = YES;
				ENABLE_TESTABILITY = YES;
				GCC_C_LANGUAGE_STANDARD = gnu99;
				GCC_DYNAMIC_NO_PIC = NO;
				GCC_NO_COMMON_BLOCKS = YES;
				GCC_OPTIMIZATION_LEVEL = 0;
				GCC_PREPROCESSOR_DEFINITIONS = (
					"DEBUG=1",
					"$(inherited)",
				);
				GCC_WARN_64_TO_32_BIT_CONVERSION = YES;
				GCC_WARN_ABOUT_RETURN_TYPE = YES_ERROR;
				GCC_WARN_UNDECLARED_SELECTOR = YES;
				GCC_WARN_UNINITIALIZED_AUTOS = YES_AGGRESSIVE;
				GCC_WARN_UNUSED_FUNCTION = YES;
				GCC_WARN_UNUSED_VARIABLE = YES;
				IPHONEOS_DEPLOYMENT_TARGET = 10.3;
				MTL_ENABLE_DEBUG_INFO = YES;
				ONLY_ACTIVE_ARCH = YES;
				SDKROOT = iphoneos;
				SWIFT_ACTIVE_COMPILATION_CONDITIONS = DEBUG;
				SWIFT_OPTIMIZATION_LEVEL = "-Onone";
				TARGETED_DEVICE_FAMILY = "1,2";
			};
			name = Debug;
		};
		FE9271E51E956B8400AC6C77 /* Release */ = {
			isa = XCBuildConfiguration;
			buildSettings = {
				ALWAYS_SEARCH_USER_PATHS = NO;
				CLANG_ANALYZER_NONNULL = YES;
				CLANG_ANALYZER_NUMBER_OBJECT_CONVERSION = YES_AGGRESSIVE;
				CLANG_CXX_LANGUAGE_STANDARD = "gnu++0x";
				CLANG_CXX_LIBRARY = "libc++";
				CLANG_ENABLE_MODULES = YES;
				CLANG_ENABLE_OBJC_ARC = YES;
				CLANG_WARN_BOOL_CONVERSION = YES;
				CLANG_WARN_CONSTANT_CONVERSION = YES;
				CLANG_WARN_DIRECT_OBJC_ISA_USAGE = YES_ERROR;
				CLANG_WARN_DOCUMENTATION_COMMENTS = YES;
				CLANG_WARN_EMPTY_BODY = YES;
				CLANG_WARN_ENUM_CONVERSION = YES;
				CLANG_WARN_INFINITE_RECURSION = YES;
				CLANG_WARN_INT_CONVERSION = YES;
				CLANG_WARN_OBJC_ROOT_CLASS = YES_ERROR;
				CLANG_WARN_SUSPICIOUS_MOVE = YES;
				CLANG_WARN_UNREACHABLE_CODE = YES;
				CLANG_WARN__DUPLICATE_METHOD_MATCH = YES;
				"CODE_SIGN_IDENTITY[sdk=iphoneos*]" = "iPhone Developer";
				COPY_PHASE_STRIP = NO;
				DEBUG_INFORMATION_FORMAT = "dwarf-with-dsym";
				ENABLE_NS_ASSERTIONS = NO;
				ENABLE_STRICT_OBJC_MSGSEND = YES;
				GCC_C_LANGUAGE_STANDARD = gnu99;
				GCC_NO_COMMON_BLOCKS = YES;
				GCC_WARN_64_TO_32_BIT_CONVERSION = YES;
				GCC_WARN_ABOUT_RETURN_TYPE = YES_ERROR;
				GCC_WARN_UNDECLARED_SELECTOR = YES;
				GCC_WARN_UNINITIALIZED_AUTOS = YES_AGGRESSIVE;
				GCC_WARN_UNUSED_FUNCTION = YES;
				GCC_WARN_UNUSED_VARIABLE = YES;
				IPHONEOS_DEPLOYMENT_TARGET = 10.3;
				MTL_ENABLE_DEBUG_INFO = NO;
				SDKROOT = iphoneos;
				SWIFT_OPTIMIZATION_LEVEL = "-Owholemodule";
				TARGETED_DEVICE_FAMILY = "1,2";
				VALIDATE_PRODUCT = YES;
			};
			name = Release;
		};
		FE9271E71E956B8400AC6C77 /* Debug */ = {
			isa = XCBuildConfiguration;
			buildSettings = {
				ASSETCATALOG_COMPILER_APPICON_NAME = AppIcon;
				DEVELOPMENT_TEAM = E4486G4RH6;
				INFOPLIST_FILE = MediBuy/Info.plist;
				LD_RUNPATH_SEARCH_PATHS = "$(inherited) @executable_path/Frameworks";
				PRODUCT_BUNDLE_IDENTIFIER = com.slantedlines.MediBuy;
				PRODUCT_NAME = "$(TARGET_NAME)";
				SWIFT_VERSION = 3.0;
			};
			name = Debug;
		};
		FE9271E81E956B8400AC6C77 /* Release */ = {
			isa = XCBuildConfiguration;
			buildSettings = {
				ASSETCATALOG_COMPILER_APPICON_NAME = AppIcon;
				DEVELOPMENT_TEAM = E4486G4RH6;
				INFOPLIST_FILE = MediBuy/Info.plist;
				LD_RUNPATH_SEARCH_PATHS = "$(inherited) @executable_path/Frameworks";
				PRODUCT_BUNDLE_IDENTIFIER = com.slantedlines.MediBuy;
				PRODUCT_NAME = "$(TARGET_NAME)";
				SWIFT_VERSION = 3.0;
			};
			name = Release;
		};
/* End XCBuildConfiguration section */

/* Begin XCConfigurationList section */
		FE9271CF1E956B8400AC6C77 /* Build configuration list for PBXProject "MediBuy" */ = {
			isa = XCConfigurationList;
			buildConfigurations = (
				FE9271E41E956B8400AC6C77 /* Debug */,
				FE9271E51E956B8400AC6C77 /* Release */,
			);
			defaultConfigurationIsVisible = 0;
			defaultConfigurationName = Release;
		};
		FE9271E61E956B8400AC6C77 /* Build configuration list for PBXNativeTarget "MediBuy" */ = {
			isa = XCConfigurationList;
			buildConfigurations = (
				FE9271E71E956B8400AC6C77 /* Debug */,
				FE9271E81E956B8400AC6C77 /* Release */,
			);
			defaultConfigurationIsVisible = 0;
			defaultConfigurationName = Release;
		};
/* End XCConfigurationList section */
	};
	rootObject = FE9271CC1E956B8400AC6C77 /* Project object */;
}
